
Microsoft Visual Studio Solution File, Format Version 11.00
# Visual Studio 2010
Project("{6989167D-11E4-40FE-8C1A-2192A86A7E90}") = "MatrixSingle", "..\..\..\..\F90\SharedObj\MatrixSingle\MatrixSingle.vfproj", "{9A850B68-FC7B-42F7-BB78-C4C38EF90B25}"
	ProjectSection(ProjectDependencies) = postProject
		{C7D790F6-3574-43A1-A5E1-1E6FC5478F95} = {C7D790F6-3574-43A1-A5E1-1E6FC5478F95}
		{C79315F7-376B-4604-AAF1-57EFB8A59063} = {C79315F7-376B-4604-AAF1-57EFB8A59063}
	EndProjectSection
EndProject
Project("{6989167D-11E4-40FE-8C1A-2192A86A7E90}") = "SharedObj", "..\..\..\..\F90\SharedObj\SharedObj.vfproj", "{C7D790F6-3574-43A1-A5E1-1E6FC5478F95}"
EndProject
Project("{6989167D-11E4-40FE-8C1A-2192A86A7E90}") = "CAMBLib", "..\..\..\..\F90\camb\CAMBLib.vfproj", "{C79315F7-376B-4604-AAF1-57EFB8A59063}"
	ProjectSection(ProjectDependencies) = postProject
		{C7D790F6-3574-43A1-A5E1-1E6FC5478F95} = {C7D790F6-3574-43A1-A5E1-1E6FC5478F95}
	EndProjectSection
EndProject
Project("{6989167D-11E4-40FE-8C1A-2192A86A7E90}") = "CAMBLib_ppf", "..\..\..\..\F90\camb\CAMBLib_ppf.vfproj", "{ACE46FA6-3A21-4062-B8C0-B27DB26AC959}"
	ProjectSection(ProjectDependencies) = postProject
		{C7D790F6-3574-43A1-A5E1-1E6FC5478F95} = {C7D790F6-3574-43A1-A5E1-1E6FC5478F95}
	EndProjectSection
EndProject
Project("{6989167D-11E4-40FE-8C1A-2192A86A7E90}") = "cosmomc_click", "cosmomc_click.vfproj", "{207BF71A-E457-49F3-BEC8-B2F9E85F74BA}"
	ProjectSection(ProjectDependencies) = postProject
		{9A850B68-FC7B-42F7-BB78-C4C38EF90B25} = {9A850B68-FC7B-42F7-BB78-C4C38EF90B25}
		{ACE46FA6-3A21-4062-B8C0-B27DB26AC959} = {ACE46FA6-3A21-4062-B8C0-B27DB26AC959}
		{C7D790F6-3574-43A1-A5E1-1E6FC5478F95} = {C7D790F6-3574-43A1-A5E1-1E6FC5478F95}
	EndProjectSection
EndProject
Global
	GlobalSection(SolutionConfigurationPlatforms) = preSolution
		Debug|Win32 = Debug|Win32
		Debug|x64 = Debug|x64
		Release|Win32 = Release|Win32
		Release|x64 = Release|x64
	EndGlobalSection
	GlobalSection(ProjectConfigurationPlatforms) = postSolution
		{9A850B68-FC7B-42F7-BB78-C4C38EF90B25}.Debug|Win32.ActiveCfg = Release|x64
		{9A850B68-FC7B-42F7-BB78-C4C38EF90B25}.Debug|Win32.Build.0 = Release|x64
		{9A850B68-FC7B-42F7-BB78-C4C38EF90B25}.Debug|x64.ActiveCfg = Debug|x64
		{9A850B68-FC7B-42F7-BB78-C4C38EF90B25}.Release|Win32.ActiveCfg = Release|x64
		{9A850B68-FC7B-42F7-BB78-C4C38EF90B25}.Release|Win32.Build.0 = Release|x64
		{9A850B68-FC7B-42F7-BB78-C4C38EF90B25}.Release|x64.ActiveCfg = Release|x64
		{C7D790F6-3574-43A1-A5E1-1E6FC5478F95}.Debug|Win32.ActiveCfg = Release|x64
		{C7D790F6-3574-43A1-A5E1-1E6FC5478F95}.Debug|Win32.Build.0 = Release|x64
		{C7D790F6-3574-43A1-A5E1-1E6FC5478F95}.Debug|x64.ActiveCfg = Debug|x64
		{C7D790F6-3574-43A1-A5E1-1E6FC5478F95}.Release|Win32.ActiveCfg = Release|x64
		{C7D790F6-3574-43A1-A5E1-1E6FC5478F95}.Release|Win32.Build.0 = Release|x64
		{C7D790F6-3574-43A1-A5E1-1E6FC5478F95}.Release|x64.ActiveCfg = Release|x64
		{C79315F7-376B-4604-AAF1-57EFB8A59063}.Debug|Win32.ActiveCfg = Release|x64
		{C79315F7-376B-4604-AAF1-57EFB8A59063}.Debug|x64.ActiveCfg = Release|x64
		{C79315F7-376B-4604-AAF1-57EFB8A59063}.Release|Win32.ActiveCfg = Release|x64
		{C79315F7-376B-4604-AAF1-57EFB8A59063}.Release|x64.ActiveCfg = Release|x64
		{ACE46FA6-3A21-4062-B8C0-B27DB26AC959}.Debug|Win32.ActiveCfg = Debug|x64
		{ACE46FA6-3A21-4062-B8C0-B27DB26AC959}.Debug|Win32.Build.0 = Debug|x64
		{ACE46FA6-3A21-4062-B8C0-B27DB26AC959}.Debug|x64.ActiveCfg = Debug|x64
		{ACE46FA6-3A21-4062-B8C0-B27DB26AC959}.Release|Win32.ActiveCfg = Release|x64
		{ACE46FA6-3A21-4062-B8C0-B27DB26AC959}.Release|Win32.Build.0 = Release|x64
		{ACE46FA6-3A21-4062-B8C0-B27DB26AC959}.Release|x64.ActiveCfg = Release|x64
		{207BF71A-E457-49F3-BEC8-B2F9E85F74BA}.Debug|Win32.ActiveCfg = Debug|x64
		{207BF71A-E457-49F3-BEC8-B2F9E85F74BA}.Debug|Win32.Build.0 = Debug|x64
		{207BF71A-E457-49F3-BEC8-B2F9E85F74BA}.Debug|x64.ActiveCfg = Debug|x64
		{207BF71A-E457-49F3-BEC8-B2F9E85F74BA}.Debug|x64.Build.0 = Debug|x64
		{207BF71A-E457-49F3-BEC8-B2F9E85F74BA}.Release|Win32.ActiveCfg = Release|Win32
		{207BF71A-E457-49F3-BEC8-B2F9E85F74BA}.Release|Win32.Build.0 = Release|Win32
		{207BF71A-E457-49F3-BEC8-B2F9E85F74BA}.Release|x64.ActiveCfg = Release|x64
		{207BF71A-E457-49F3-BEC8-B2F9E85F74BA}.Release|x64.Build.0 = Release|x64
	EndGlobalSection
	GlobalSection(SolutionProperties) = preSolution
		HideSolutionNode = FALSE
	EndGlobalSection
EndGlobal
