
Microsoft Visual Studio Solution File, Format Version 12.00
# Visual Studio 2013
VisualStudioVersion = 12.0.31101.0
MinimumVisualStudioVersion = 10.0.40219.1
Project("{6989167D-11E4-40FE-8C1A-2192A86A7E90}") = "CosmoMC", "CosmoMC.vfproj", "{207BF71A-E457-49F3-BEC8-B2F9E85F74BA}"
	ProjectSection(ProjectDependencies) = postProject
		{30BB4525-ADB5-4FD8-B169-4E5FCD579B53} = {30BB4525-ADB5-4FD8-B169-4E5FCD579B53}
		{C7D790F6-3574-43A1-A5E1-1E6FC5478F95} = {C7D790F6-3574-43A1-A5E1-1E6FC5478F95}
	EndProjectSection
EndProject
Project("{6989167D-11E4-40FE-8C1A-2192A86A7E90}") = "CAMBLib_ppf", "..\camb\VisualStudio\CAMBLib_ppf.vfproj", "{C7D790F6-3574-43A1-A5E1-1E6FC5478F95}"
EndProject
Project("{6989167D-11E4-40FE-8C1A-2192A86A7E90}") = "CosmoMC_lib", "CosmoMC_lib.vfproj", "{30BB4525-ADB5-4FD8-B169-4E5FCD579B53}"
	ProjectSection(ProjectDependencies) = postProject
		{C7D790F6-3574-43A1-A5E1-1E6FC5478F95} = {C7D790F6-3574-43A1-A5E1-1E6FC5478F95}
	EndProjectSection
EndProject
Project("{6989167D-11E4-40FE-8C1A-2192A86A7E90}") = "GetDist", "GetDist.vfproj", "{6A7128DC-E860-435A-A40D-674E5B2AC165}"
EndProject
Global
	GlobalSection(SolutionConfigurationPlatforms) = preSolution
		Debug|Win32 = Debug|Win32
		Debug|x64 = Debug|x64
		DebugMPI|Win32 = DebugMPI|Win32
		DebugMPI|x64 = DebugMPI|x64
		PICO|Win32 = PICO|Win32
		PICO|x64 = PICO|x64
		Release|Win32 = Release|Win32
		Release|x64 = Release|x64
	EndGlobalSection
	GlobalSection(ProjectConfigurationPlatforms) = postSolution
		{207BF71A-E457-49F3-BEC8-B2F9E85F74BA}.Debug|Win32.ActiveCfg = Debug|Win32
		{207BF71A-E457-49F3-BEC8-B2F9E85F74BA}.Debug|Win32.Build.0 = Debug|Win32
		{207BF71A-E457-49F3-BEC8-B2F9E85F74BA}.Debug|x64.ActiveCfg = Debug|x64
		{207BF71A-E457-49F3-BEC8-B2F9E85F74BA}.Debug|x64.Build.0 = Debug|x64
		{207BF71A-E457-49F3-BEC8-B2F9E85F74BA}.DebugMPI|Win32.ActiveCfg = DebugMPI|Win32
		{207BF71A-E457-49F3-BEC8-B2F9E85F74BA}.DebugMPI|Win32.Build.0 = DebugMPI|Win32
		{207BF71A-E457-49F3-BEC8-B2F9E85F74BA}.DebugMPI|x64.ActiveCfg = DebugMPI|x64
		{207BF71A-E457-49F3-BEC8-B2F9E85F74BA}.DebugMPI|x64.Build.0 = DebugMPI|x64
		{207BF71A-E457-49F3-BEC8-B2F9E85F74BA}.PICO|Win32.ActiveCfg = PICO|Win32
		{207BF71A-E457-49F3-BEC8-B2F9E85F74BA}.PICO|Win32.Build.0 = PICO|Win32
		{207BF71A-E457-49F3-BEC8-B2F9E85F74BA}.PICO|x64.ActiveCfg = PICO|x64
		{207BF71A-E457-49F3-BEC8-B2F9E85F74BA}.PICO|x64.Build.0 = PICO|x64
		{207BF71A-E457-49F3-BEC8-B2F9E85F74BA}.Release|Win32.ActiveCfg = Release|Win32
		{207BF71A-E457-49F3-BEC8-B2F9E85F74BA}.Release|Win32.Build.0 = Release|Win32
		{207BF71A-E457-49F3-BEC8-B2F9E85F74BA}.Release|x64.ActiveCfg = Release|x64
		{207BF71A-E457-49F3-BEC8-B2F9E85F74BA}.Release|x64.Build.0 = Release|x64
		{C7D790F6-3574-43A1-A5E1-1E6FC5478F95}.Debug|Win32.ActiveCfg = Debug|Win32
		{C7D790F6-3574-43A1-A5E1-1E6FC5478F95}.Debug|Win32.Build.0 = Debug|Win32
		{C7D790F6-3574-43A1-A5E1-1E6FC5478F95}.Debug|x64.ActiveCfg = Debug|x64
		{C7D790F6-3574-43A1-A5E1-1E6FC5478F95}.DebugMPI|Win32.ActiveCfg = DebugMPI|Win32
		{C7D790F6-3574-43A1-A5E1-1E6FC5478F95}.DebugMPI|Win32.Build.0 = DebugMPI|Win32
		{C7D790F6-3574-43A1-A5E1-1E6FC5478F95}.DebugMPI|x64.ActiveCfg = Debug|x64
		{C7D790F6-3574-43A1-A5E1-1E6FC5478F95}.PICO|Win32.ActiveCfg = DebugMPI|Win32
		{C7D790F6-3574-43A1-A5E1-1E6FC5478F95}.PICO|x64.ActiveCfg = Release|x64
		{C7D790F6-3574-43A1-A5E1-1E6FC5478F95}.PICO|x64.Build.0 = Release|x64
		{C7D790F6-3574-43A1-A5E1-1E6FC5478F95}.Release|Win32.ActiveCfg = Release|Win32
		{C7D790F6-3574-43A1-A5E1-1E6FC5478F95}.Release|Win32.Build.0 = Release|Win32
		{C7D790F6-3574-43A1-A5E1-1E6FC5478F95}.Release|x64.ActiveCfg = Release|x64
		{C7D790F6-3574-43A1-A5E1-1E6FC5478F95}.Release|x64.Build.0 = Release|x64
		{30BB4525-ADB5-4FD8-B169-4E5FCD579B53}.Debug|Win32.ActiveCfg = Debug|Win32
		{30BB4525-ADB5-4FD8-B169-4E5FCD579B53}.Debug|Win32.Build.0 = Debug|Win32
		{30BB4525-ADB5-4FD8-B169-4E5FCD579B53}.Debug|x64.ActiveCfg = Debug|x64
		{30BB4525-ADB5-4FD8-B169-4E5FCD579B53}.Debug|x64.Build.0 = Debug|x64
		{30BB4525-ADB5-4FD8-B169-4E5FCD579B53}.DebugMPI|Win32.ActiveCfg = DebugMPI|Win32
		{30BB4525-ADB5-4FD8-B169-4E5FCD579B53}.DebugMPI|Win32.Build.0 = DebugMPI|Win32
		{30BB4525-ADB5-4FD8-B169-4E5FCD579B53}.DebugMPI|x64.ActiveCfg = DebugMPI|x64
		{30BB4525-ADB5-4FD8-B169-4E5FCD579B53}.DebugMPI|x64.Build.0 = DebugMPI|x64
		{30BB4525-ADB5-4FD8-B169-4E5FCD579B53}.PICO|Win32.ActiveCfg = PICO|Win32
		{30BB4525-ADB5-4FD8-B169-4E5FCD579B53}.PICO|x64.ActiveCfg = PICO|x64
		{30BB4525-ADB5-4FD8-B169-4E5FCD579B53}.PICO|x64.Build.0 = PICO|x64
		{30BB4525-ADB5-4FD8-B169-4E5FCD579B53}.Release|Win32.ActiveCfg = Release|Win32
		{30BB4525-ADB5-4FD8-B169-4E5FCD579B53}.Release|Win32.Build.0 = Release|Win32
		{30BB4525-ADB5-4FD8-B169-4E5FCD579B53}.Release|x64.ActiveCfg = Release|x64
		{30BB4525-ADB5-4FD8-B169-4E5FCD579B53}.Release|x64.Build.0 = Release|x64
		{6A7128DC-E860-435A-A40D-674E5B2AC165}.Debug|Win32.ActiveCfg = Debug|Win32
		{6A7128DC-E860-435A-A40D-674E5B2AC165}.Debug|x64.ActiveCfg = Debug|x64
		{6A7128DC-E860-435A-A40D-674E5B2AC165}.DebugMPI|Win32.ActiveCfg = Debug|x64
		{6A7128DC-E860-435A-A40D-674E5B2AC165}.DebugMPI|x64.ActiveCfg = Debug|x64
		{6A7128DC-E860-435A-A40D-674E5B2AC165}.DebugMPI|x64.Build.0 = Debug|x64
		{6A7128DC-E860-435A-A40D-674E5B2AC165}.PICO|Win32.ActiveCfg = Release|x64
		{6A7128DC-E860-435A-A40D-674E5B2AC165}.PICO|x64.ActiveCfg = Release|x64
		{6A7128DC-E860-435A-A40D-674E5B2AC165}.Release|Win32.ActiveCfg = Release|Win32
		{6A7128DC-E860-435A-A40D-674E5B2AC165}.Release|x64.ActiveCfg = Release|x64
		{6A7128DC-E860-435A-A40D-674E5B2AC165}.Release|x64.Build.0 = Release|x64
	EndGlobalSection
	GlobalSection(SolutionProperties) = preSolution
		HideSolutionNode = FALSE
	EndGlobalSection
EndGlobal
