
Microsoft Visual Studio Solution File, Format Version 12.00
# Visual Studio 15
VisualStudioVersion = 15.0.28010.2041
MinimumVisualStudioVersion = 10.0.40219.1
Project("{6989167D-11E4-40FE-8C1A-2192A86A7E90}") = "CosmoMC", "CosmoMC.vfproj", "{207BF71A-E457-49F3-BEC8-B2F9E85F74BA}"
	ProjectSection(ProjectDependencies) = postProject
		{F8303306-6067-4461-8FAE-BC043C6BA088} = {F8303306-6067-4461-8FAE-BC043C6BA088}
		{F7C12681-233A-4C5A-9639-1EF3573BCE64} = {F7C12681-233A-4C5A-9639-1EF3573BCE64}
		{C7D790F6-3574-43A1-A5E1-1E6FC5478F95} = {C7D790F6-3574-43A1-A5E1-1E6FC5478F95}
	EndProjectSection
EndProject
Project("{6989167D-11E4-40FE-8C1A-2192A86A7E90}") = "CosmoMC_lib", "CosmoMC_lib.vfproj", "{C7D790F6-3574-43A1-A5E1-1E6FC5478F95}"
	ProjectSection(ProjectDependencies) = postProject
		{F8303306-6067-4461-8FAE-BC043C6BA088} = {F8303306-6067-4461-8FAE-BC043C6BA088}
		{F7C12681-233A-4C5A-9639-1EF3573BCE64} = {F7C12681-233A-4C5A-9639-1EF3573BCE64}
	EndProjectSection
EndProject
Project("{6989167D-11E4-40FE-8C1A-2192A86A7E90}") = "CAMBLib", "..\camb\fortran\VisualStudio\CAMBLib.vfproj", "{F8303306-6067-4461-8FAE-BC043C6BA088}"
	ProjectSection(ProjectDependencies) = postProject
		{F7C12681-233A-4C5A-9639-1EF3573BCE64} = {F7C12681-233A-4C5A-9639-1EF3573BCE64}
	EndProjectSection
EndProject
Project("{6989167D-11E4-40FE-8C1A-2192A86A7E90}") = "ForUtils", "..\camb\forutils\ForUtils.vfproj", "{F7C12681-233A-4C5A-9639-1EF3573BCE64}"
EndProject
Global
	GlobalSection(SolutionConfigurationPlatforms) = preSolution
		Debug|Win32 = Debug|Win32
		Debug|x64 = Debug|x64
		DebugMPI|Win32 = DebugMPI|Win32
		DebugMPI|x64 = DebugMPI|x64
		PICO|Win32 = PICO|Win32
		PICO|x64 = PICO|x64
		Release|Win32 = Release|Win32
		Release|x64 = Release|x64
	EndGlobalSection
	GlobalSection(ProjectConfigurationPlatforms) = postSolution
		{207BF71A-E457-49F3-BEC8-B2F9E85F74BA}.Debug|Win32.ActiveCfg = Debug|Win32
		{207BF71A-E457-49F3-BEC8-B2F9E85F74BA}.Debug|Win32.Build.0 = Debug|Win32
		{207BF71A-E457-49F3-BEC8-B2F9E85F74BA}.Debug|x64.ActiveCfg = Debug|x64
		{207BF71A-E457-49F3-BEC8-B2F9E85F74BA}.Debug|x64.Build.0 = Debug|x64
		{207BF71A-E457-49F3-BEC8-B2F9E85F74BA}.DebugMPI|Win32.ActiveCfg = DebugMPI|Win32
		{207BF71A-E457-49F3-BEC8-B2F9E85F74BA}.DebugMPI|Win32.Build.0 = DebugMPI|Win32
		{207BF71A-E457-49F3-BEC8-B2F9E85F74BA}.DebugMPI|x64.ActiveCfg = DebugMPI|x64
		{207BF71A-E457-49F3-BEC8-B2F9E85F74BA}.DebugMPI|x64.Build.0 = DebugMPI|x64
		{207BF71A-E457-49F3-BEC8-B2F9E85F74BA}.PICO|Win32.ActiveCfg = PICO|Win32
		{207BF71A-E457-49F3-BEC8-B2F9E85F74BA}.PICO|Win32.Build.0 = PICO|Win32
		{207BF71A-E457-49F3-BEC8-B2F9E85F74BA}.PICO|x64.ActiveCfg = PICO|x64
		{207BF71A-E457-49F3-BEC8-B2F9E85F74BA}.PICO|x64.Build.0 = PICO|x64
		{207BF71A-E457-49F3-BEC8-B2F9E85F74BA}.Release|Win32.ActiveCfg = Release|Win32
		{207BF71A-E457-49F3-BEC8-B2F9E85F74BA}.Release|Win32.Build.0 = Release|Win32
		{207BF71A-E457-49F3-BEC8-B2F9E85F74BA}.Release|x64.ActiveCfg = Release|x64
		{207BF71A-E457-49F3-BEC8-B2F9E85F74BA}.Release|x64.Build.0 = Release|x64
		{C7D790F6-3574-43A1-A5E1-1E6FC5478F95}.Debug|Win32.ActiveCfg = Debug|Win32
		{C7D790F6-3574-43A1-A5E1-1E6FC5478F95}.Debug|Win32.Build.0 = Debug|Win32
		{C7D790F6-3574-43A1-A5E1-1E6FC5478F95}.Debug|x64.ActiveCfg = Debug|x64
		{C7D790F6-3574-43A1-A5E1-1E6FC5478F95}.Debug|x64.Build.0 = Debug|x64
		{C7D790F6-3574-43A1-A5E1-1E6FC5478F95}.DebugMPI|Win32.ActiveCfg = DebugMPI|Win32
		{C7D790F6-3574-43A1-A5E1-1E6FC5478F95}.DebugMPI|Win32.Build.0 = DebugMPI|Win32
		{C7D790F6-3574-43A1-A5E1-1E6FC5478F95}.DebugMPI|x64.ActiveCfg = DebugMPI|x64
		{C7D790F6-3574-43A1-A5E1-1E6FC5478F95}.DebugMPI|x64.Build.0 = DebugMPI|x64
		{C7D790F6-3574-43A1-A5E1-1E6FC5478F95}.PICO|Win32.ActiveCfg = PICO|Win32
		{C7D790F6-3574-43A1-A5E1-1E6FC5478F95}.PICO|x64.ActiveCfg = PICO|x64
		{C7D790F6-3574-43A1-A5E1-1E6FC5478F95}.PICO|x64.Build.0 = PICO|x64
		{C7D790F6-3574-43A1-A5E1-1E6FC5478F95}.Release|Win32.ActiveCfg = Release|Win32
		{C7D790F6-3574-43A1-A5E1-1E6FC5478F95}.Release|Win32.Build.0 = Release|Win32
		{C7D790F6-3574-43A1-A5E1-1E6FC5478F95}.Release|x64.ActiveCfg = Release|x64
		{C7D790F6-3574-43A1-A5E1-1E6FC5478F95}.Release|x64.Build.0 = Release|x64
		{F8303306-6067-4461-8FAE-BC043C6BA088}.Debug|Win32.ActiveCfg = Debug|x64
		{F8303306-6067-4461-8FAE-BC043C6BA088}.Debug|x64.ActiveCfg = Debug|x64
		{F8303306-6067-4461-8FAE-BC043C6BA088}.Debug|x64.Build.0 = Debug|x64
		{F8303306-6067-4461-8FAE-BC043C6BA088}.DebugMPI|Win32.ActiveCfg = Release|x64
		{F8303306-6067-4461-8FAE-BC043C6BA088}.DebugMPI|Win32.Build.0 = Release|x64
		{F8303306-6067-4461-8FAE-BC043C6BA088}.DebugMPI|x64.ActiveCfg = Debug|x64
		{F8303306-6067-4461-8FAE-BC043C6BA088}.DebugMPI|x64.Build.0 = Debug|x64
		{F8303306-6067-4461-8FAE-BC043C6BA088}.PICO|Win32.ActiveCfg = Release|x64
		{F8303306-6067-4461-8FAE-BC043C6BA088}.PICO|Win32.Build.0 = Release|x64
		{F8303306-6067-4461-8FAE-BC043C6BA088}.PICO|x64.ActiveCfg = Release|x64
		{F8303306-6067-4461-8FAE-BC043C6BA088}.PICO|x64.Build.0 = Release|x64
		{F8303306-6067-4461-8FAE-BC043C6BA088}.Release|Win32.ActiveCfg = Release|x64
		{F8303306-6067-4461-8FAE-BC043C6BA088}.Release|x64.ActiveCfg = Release|x64
		{F8303306-6067-4461-8FAE-BC043C6BA088}.Release|x64.Build.0 = Release|x64
		{F7C12681-233A-4C5A-9639-1EF3573BCE64}.Debug|Win32.ActiveCfg = Debug|x64
		{F7C12681-233A-4C5A-9639-1EF3573BCE64}.Debug|x64.ActiveCfg = Debug|x64
		{F7C12681-233A-4C5A-9639-1EF3573BCE64}.Debug|x64.Build.0 = Debug|x64
		{F7C12681-233A-4C5A-9639-1EF3573BCE64}.DebugMPI|Win32.ActiveCfg = Release|x64
		{F7C12681-233A-4C5A-9639-1EF3573BCE64}.DebugMPI|Win32.Build.0 = Release|x64
		{F7C12681-233A-4C5A-9639-1EF3573BCE64}.DebugMPI|x64.ActiveCfg = Debug|x64
		{F7C12681-233A-4C5A-9639-1EF3573BCE64}.DebugMPI|x64.Build.0 = Debug|x64
		{F7C12681-233A-4C5A-9639-1EF3573BCE64}.PICO|Win32.ActiveCfg = Release|x64
		{F7C12681-233A-4C5A-9639-1EF3573BCE64}.PICO|Win32.Build.0 = Release|x64
		{F7C12681-233A-4C5A-9639-1EF3573BCE64}.PICO|x64.ActiveCfg = Release|x64
		{F7C12681-233A-4C5A-9639-1EF3573BCE64}.PICO|x64.Build.0 = Release|x64
		{F7C12681-233A-4C5A-9639-1EF3573BCE64}.Release|Win32.ActiveCfg = Release|x64
		{F7C12681-233A-4C5A-9639-1EF3573BCE64}.Release|x64.ActiveCfg = Release|x64
		{F7C12681-233A-4C5A-9639-1EF3573BCE64}.Release|x64.Build.0 = Release|x64
	EndGlobalSection
	GlobalSection(SolutionProperties) = preSolution
		HideSolutionNode = FALSE
	EndGlobalSection
	GlobalSection(ExtensibilityGlobals) = postSolution
		SolutionGuid = {02D18FAF-FE51-4DD2-A9CC-D0A310BCDA7C}
	EndGlobalSection
EndGlobal
