Microsoft Visual Studio Solution File, Format Version 8.00
Project("{6989167D-11E4-40FE-8C1A-2192A86A7E90}") = "cosmomc", "cosmomc.vfproj", "{5818CEFF-E933-41ED-A2A1-7A6D8F22AFB6}"
	ProjectSection(ProjectDependencies) = postProject
	EndProjectSection
EndProject
Project("{6989167D-11E4-40FE-8C1A-2192A86A7E90}") = "GetDist", "GetDist.vfproj", "{573A6A6A-BD92-4FF0-BD64-E101E2496178}"
	ProjectSection(ProjectDependencies) = postProject
	EndProjectSection
EndProject
Global
	GlobalSection(SolutionConfiguration) = preSolution
		Debug = Debug
		Release = Release
	EndGlobalSection
	GlobalSection(ProjectConfiguration) = postSolution
		{5818CEFF-E933-41ED-A2A1-7A6D8F22AFB6}.Debug.ActiveCfg = Debug|Win32
		{5818CEFF-E933-41ED-A2A1-7A6D8F22AFB6}.Debug.Build.0 = Debug|Win32
		{5818CEFF-E933-41ED-A2A1-7A6D8F22AFB6}.Release.ActiveCfg = Release|Win32
		{5818CEFF-E933-41ED-A2A1-7A6D8F22AFB6}.Release.Build.0 = Release|Win32
		{573A6A6A-BD92-4FF0-BD64-E101E2496178}.Debug.ActiveCfg = Debug|Win32
		{573A6A6A-BD92-4FF0-BD64-E101E2496178}.Debug.Build.0 = Debug|Win32
		{573A6A6A-BD92-4FF0-BD64-E101E2496178}.Release.ActiveCfg = Release|Win32
		{573A6A6A-BD92-4FF0-BD64-E101E2496178}.Release.Build.0 = Release|Win32
	EndGlobalSection
	GlobalSection(ExtensibilityGlobals) = postSolution
	EndGlobalSection
	GlobalSection(ExtensibilityAddIns) = postSolution
	EndGlobalSection
EndGlobal
